
Microsoft Visual Studio Solution File, Format Version 11.00
# Visual Studio 2010
Project("{FAE04EC0-301F-11D3-BF4B-00C04F79EFBC}") = "JavaChat", "JavaChat\JavaChat.csproj", "{64AEB007-EA76-40EB-8970-9233BF6428E7}"
EndProject
Project("{FAE04EC0-301F-11D3-BF4B-00C04F79EFBC}") = "WebChat", "WebChat\WebChat.csproj", "{B1056869-4131-4576-B196-79DFB2F16686}"
EndProject
Global
	GlobalSection(SolutionConfigurationPlatforms) = preSolution
		Debug|Any CPU = Debug|Any CPU
		Debug|Mixed Platforms = Debug|Mixed Platforms
		Debug|x86 = Debug|x86
		Debug2|Any CPU = Debug2|Any CPU
		Debug2|Mixed Platforms = Debug2|Mixed Platforms
		Debug2|x86 = Debug2|x86
		Release|Any CPU = Release|Any CPU
		Release|Mixed Platforms = Release|Mixed Platforms
		Release|x86 = Release|x86
	EndGlobalSection
	GlobalSection(ProjectConfigurationPlatforms) = postSolution
		{64AEB007-EA76-40EB-8970-9233BF6428E7}.Debug|Any CPU.ActiveCfg = Debug|Any CPU
		{64AEB007-EA76-40EB-8970-9233BF6428E7}.Debug|Any CPU.Build.0 = Debug|Any CPU
		{64AEB007-EA76-40EB-8970-9233BF6428E7}.Debug|Mixed Platforms.ActiveCfg = Debug|Any CPU
		{64AEB007-EA76-40EB-8970-9233BF6428E7}.Debug|Mixed Platforms.Build.0 = Debug|Any CPU
		{64AEB007-EA76-40EB-8970-9233BF6428E7}.Debug|x86.ActiveCfg = Debug|Any CPU
		{64AEB007-EA76-40EB-8970-9233BF6428E7}.Debug2|Any CPU.ActiveCfg = Debug|Any CPU
		{64AEB007-EA76-40EB-8970-9233BF6428E7}.Debug2|Any CPU.Build.0 = Debug|Any CPU
		{64AEB007-EA76-40EB-8970-9233BF6428E7}.Debug2|Mixed Platforms.ActiveCfg = Debug|Any CPU
		{64AEB007-EA76-40EB-8970-9233BF6428E7}.Debug2|Mixed Platforms.Build.0 = Debug|Any CPU
		{64AEB007-EA76-40EB-8970-9233BF6428E7}.Debug2|x86.ActiveCfg = Debug|Any CPU
		{64AEB007-EA76-40EB-8970-9233BF6428E7}.Release|Any CPU.ActiveCfg = Release|Any CPU
		{64AEB007-EA76-40EB-8970-9233BF6428E7}.Release|Any CPU.Build.0 = Release|Any CPU
		{64AEB007-EA76-40EB-8970-9233BF6428E7}.Release|Mixed Platforms.ActiveCfg = Release|Any CPU
		{64AEB007-EA76-40EB-8970-9233BF6428E7}.Release|Mixed Platforms.Build.0 = Release|Any CPU
		{64AEB007-EA76-40EB-8970-9233BF6428E7}.Release|x86.ActiveCfg = Release|Any CPU
		{B1056869-4131-4576-B196-79DFB2F16686}.Debug|Any CPU.ActiveCfg = Debug|Any CPU
		{B1056869-4131-4576-B196-79DFB2F16686}.Debug|Any CPU.Build.0 = Debug|Any CPU
		{B1056869-4131-4576-B196-79DFB2F16686}.Debug|Mixed Platforms.ActiveCfg = Debug|Any CPU
		{B1056869-4131-4576-B196-79DFB2F16686}.Debug|Mixed Platforms.Build.0 = Debug|Any CPU
		{B1056869-4131-4576-B196-79DFB2F16686}.Debug|x86.ActiveCfg = Debug|Any CPU
		{B1056869-4131-4576-B196-79DFB2F16686}.Debug2|Any CPU.ActiveCfg = Debug|Any CPU
		{B1056869-4131-4576-B196-79DFB2F16686}.Debug2|Any CPU.Build.0 = Debug|Any CPU
		{B1056869-4131-4576-B196-79DFB2F16686}.Debug2|Mixed Platforms.ActiveCfg = Debug|Any CPU
		{B1056869-4131-4576-B196-79DFB2F16686}.Debug2|Mixed Platforms.Build.0 = Debug|Any CPU
		{B1056869-4131-4576-B196-79DFB2F16686}.Debug2|x86.ActiveCfg = Debug|Any CPU
		{B1056869-4131-4576-B196-79DFB2F16686}.Release|Any CPU.ActiveCfg = Release|Any CPU
		{B1056869-4131-4576-B196-79DFB2F16686}.Release|Any CPU.Build.0 = Release|Any CPU
		{B1056869-4131-4576-B196-79DFB2F16686}.Release|Mixed Platforms.ActiveCfg = Release|Any CPU
		{B1056869-4131-4576-B196-79DFB2F16686}.Release|Mixed Platforms.Build.0 = Release|Any CPU
		{B1056869-4131-4576-B196-79DFB2F16686}.Release|x86.ActiveCfg = Release|Any CPU
	EndGlobalSection
	GlobalSection(SolutionProperties) = preSolution
		HideSolutionNode = FALSE
	EndGlobalSection
EndGlobal
